
Microsoft Visual Studio Solution File, Format Version 12.00
# Visual Studio Version 16
VisualStudioVersion = 16.0.30804.86
MinimumVisualStudioVersion = 10.0.40219.1
Project("{9A19103F-16F7-4668-BE54-9A1E7A4F7556}") = "CEC.Blazor.Editor.Web", "CEC.Blazor.Editor.Web\CEC.Blazor.Editor.Web.csproj", "{015D69DE-057E-4891-96A7-DF4480C13978}"
EndProject
Project("{2150E333-8FDC-42A3-9474-1A3956D46DE8}") = "Solution Items", "Solution Items", "{6F690B6B-2F31-457F-97C4-B67E11CD4ACC}"
	ProjectSection(SolutionItems) = preProject
		Editor-Controller.md = Editor-Controller.md
		Editor-Framework.md = Editor-Framework.md
		Modal-Editor.md = Modal-Editor.md
		readme.md = readme.md
	EndProjectSection
EndProject
Project("{9A19103F-16F7-4668-BE54-9A1E7A4F7556}") = "CEC.Blazor.ModalEditor.Web", "CEC.Blazor.ModalEditor.Web\CEC.Blazor.ModalEditor.Web.csproj", "{CD1AAD2D-CDDE-47BD-BD1C-FFB03E983A57}"
EndProject
Project("{9A19103F-16F7-4668-BE54-9A1E7A4F7556}") = "CEC.Blazor.Editor", "CEC.Blazor.Editor\CEC.Blazor.Editor.csproj", "{38002957-15B7-4240-AA43-604EB28FBF1B}"
EndProject
Project("{9A19103F-16F7-4668-BE54-9A1E7A4F7556}") = "CEC.Blazor.ModalEditor", "CEC.Blazor.ModalEditor\CEC.Blazor.ModalEditor.csproj", "{2D584BB7-D25A-48AC-8CCE-0ABB547DF296}"
EndProject
Global
	GlobalSection(SolutionConfigurationPlatforms) = preSolution
		Debug|Any CPU = Debug|Any CPU
		Release|Any CPU = Release|Any CPU
	EndGlobalSection
	GlobalSection(ProjectConfigurationPlatforms) = postSolution
		{015D69DE-057E-4891-96A7-DF4480C13978}.Debug|Any CPU.ActiveCfg = Debug|Any CPU
		{015D69DE-057E-4891-96A7-DF4480C13978}.Debug|Any CPU.Build.0 = Debug|Any CPU
		{015D69DE-057E-4891-96A7-DF4480C13978}.Release|Any CPU.ActiveCfg = Release|Any CPU
		{015D69DE-057E-4891-96A7-DF4480C13978}.Release|Any CPU.Build.0 = Release|Any CPU
		{CD1AAD2D-CDDE-47BD-BD1C-FFB03E983A57}.Debug|Any CPU.ActiveCfg = Debug|Any CPU
		{CD1AAD2D-CDDE-47BD-BD1C-FFB03E983A57}.Debug|Any CPU.Build.0 = Debug|Any CPU
		{CD1AAD2D-CDDE-47BD-BD1C-FFB03E983A57}.Release|Any CPU.ActiveCfg = Release|Any CPU
		{CD1AAD2D-CDDE-47BD-BD1C-FFB03E983A57}.Release|Any CPU.Build.0 = Release|Any CPU
		{38002957-15B7-4240-AA43-604EB28FBF1B}.Debug|Any CPU.ActiveCfg = Debug|Any CPU
		{38002957-15B7-4240-AA43-604EB28FBF1B}.Debug|Any CPU.Build.0 = Debug|Any CPU
		{38002957-15B7-4240-AA43-604EB28FBF1B}.Release|Any CPU.ActiveCfg = Release|Any CPU
		{38002957-15B7-4240-AA43-604EB28FBF1B}.Release|Any CPU.Build.0 = Release|Any CPU
		{2D584BB7-D25A-48AC-8CCE-0ABB547DF296}.Debug|Any CPU.ActiveCfg = Debug|Any CPU
		{2D584BB7-D25A-48AC-8CCE-0ABB547DF296}.Debug|Any CPU.Build.0 = Debug|Any CPU
		{2D584BB7-D25A-48AC-8CCE-0ABB547DF296}.Release|Any CPU.ActiveCfg = Release|Any CPU
		{2D584BB7-D25A-48AC-8CCE-0ABB547DF296}.Release|Any CPU.Build.0 = Release|Any CPU
	EndGlobalSection
	GlobalSection(SolutionProperties) = preSolution
		HideSolutionNode = FALSE
	EndGlobalSection
	GlobalSection(ExtensibilityGlobals) = postSolution
		SolutionGuid = {ED9F5BA4-6617-4983-BFA5-C48EA3B80DBA}
	EndGlobalSection
EndGlobal
